{
  "nodes": {
    "catppuccin": {
      "inputs": {
        "nixpkgs": "nixpkgs"
      },
      "locked": {
        "lastModified": 1767717943,
        "narHash": "sha256-casE/q/eOcbZJpwv6nfwY/BmLXH3jMosx27YbjKgBAs=",
        "owner": "catppuccin",
        "repo": "nix",
        "rev": "b020a35938aa77cc93985b796e7b79623b98da60",
        "type": "github"
      },
      "original": {
        "owner": "catppuccin",
        "repo": "nix",
        "type": "github"
      }
    },
    "darwin": {
      "inputs": {
        "nixpkgs": [
          "nixpkgs"
        ]
      },
      "locked": {
        "lastModified": 1767028240,
        "narHash": "sha256-0/fLUqwJ4Z774muguUyn5t8AQ6wyxlNbHexpje+5hRo=",
        "owner": "nix-darwin",
        "repo": "nix-darwin",
        "rev": "c31afa6e76da9bbc7c9295e39c7de9fca1071ea1",
        "type": "github"
      },
      "original": {
        "owner": "nix-darwin",
        "repo": "nix-darwin",
        "type": "github"
      }
    },
    "flake-compat": {
      "flake": false,
      "locked": {
        "lastModified": 1767039857,
        "narHash": "sha256-vNpUSpF5Nuw8xvDLj2KCwwksIbjua2LZCqhV1LNRDns=",
        "owner": "NixOS",
        "repo": "flake-compat",
        "rev": "5edf11c44bc78a0d334f6334cdaf7d60d732daab",
        "type": "github"
      },
      "original": {
        "owner": "NixOS",
        "repo": "flake-compat",
        "type": "github"
      }
    },
    "flake-parts": {
      "inputs": {
        "nixpkgs-lib": "nixpkgs-lib"
      },
      "locked": {
        "lastModified": 1767609335,
        "narHash": "sha256-feveD98mQpptwrAEggBQKJTYbvwwglSbOv53uCfH9PY=",
        "owner": "hercules-ci",
        "repo": "flake-parts",
        "rev": "250481aafeb741edfe23d29195671c19b36b6dca",
        "type": "github"
      },
      "original": {
        "owner": "hercules-ci",
        "repo": "flake-parts",
        "type": "github"
      }
    },
    "gitignore": {
      "inputs": {
        "nixpkgs": [
          "pre-commit-hooks",
          "nixpkgs"
        ]
      },
      "locked": {
        "lastModified": 1709087332,
        "narHash": "sha256-HG2cCnktfHsKV0s4XW83gU3F57gaTljL9KNSuG6bnQs=",
        "owner": "hercules-ci",
        "repo": "gitignore.nix",
        "rev": "637db329424fd7e46cf4185293b9cc8c88c95394",
        "type": "github"
      },
      "original": {
        "owner": "hercules-ci",
        "repo": "gitignore.nix",
        "type": "github"
      }
    },
    "home": {
      "inputs": {
        "nixpkgs": [
          "nixpkgs"
        ]
      },
      "locked": {
        "lastModified": 1767702900,
        "narHash": "sha256-xMzHmNytl7JgFRov2jHf2GYsLVp/sAfYO0JvbZt0uDo=",
        "owner": "nix-community",
        "repo": "home-manager",
        "rev": "38e187fd2f9efac197e03be0c25f3ee215974144",
        "type": "github"
      },
      "original": {
        "owner": "nix-community",
        "repo": "home-manager",
        "type": "github"
      }
    },
    "mnw": {
      "locked": {
        "lastModified": 1767030222,
        "narHash": "sha256-kSvWF3Xt2HW9hmV5V7i8PqeWJIBUKmuKoHhOgj3Znzs=",
        "owner": "Gerg-L",
        "repo": "mnw",
        "rev": "75bb637454b0fbbb5ed652375a4bf7ffd28bcf6f",
        "type": "github"
      },
      "original": {
        "owner": "Gerg-L",
        "repo": "mnw",
        "type": "github"
      }
    },
    "nixpkgs": {
      "locked": {
        "lastModified": 1767116409,
        "narHash": "sha256-5vKw92l1GyTnjoLzEagJy5V5mDFck72LiQWZSOnSicw=",
        "owner": "NixOS",
        "repo": "nixpkgs",
        "rev": "cad22e7d996aea55ecab064e84834289143e44a0",
        "type": "github"
      },
      "original": {
        "owner": "NixOS",
        "ref": "nixos-unstable",
        "repo": "nixpkgs",
        "type": "github"
      }
    },
    "nixpkgs-lib": {
      "locked": {
        "lastModified": 1765674936,
        "narHash": "sha256-k00uTP4JNfmejrCLJOwdObYC9jHRrr/5M/a/8L2EIdo=",
        "owner": "nix-community",
        "repo": "nixpkgs.lib",
        "rev": "2075416fcb47225d9b68ac469a5c4801a9c4dd85",
        "type": "github"
      },
      "original": {
        "owner": "nix-community",
        "repo": "nixpkgs.lib",
        "type": "github"
      }
    },
    "nixpkgs_2": {
      "locked": {
        "lastModified": 1767640445,
        "narHash": "sha256-UWYqmD7JFBEDBHWYcqE6s6c77pWdcU/i+bwD6XxMb8A=",
        "owner": "NixOS",
        "repo": "nixpkgs",
        "rev": "9f0c42f8bc7151b8e7e5840fb3bd454ad850d8c5",
        "type": "github"
      },
      "original": {
        "owner": "NixOS",
        "ref": "nixos-unstable",
        "repo": "nixpkgs",
        "type": "github"
      }
    },
    "nvim-flake": {
      "inputs": {
        "mnw": "mnw",
        "nixpkgs": [
          "nixpkgs"
        ]
      },
      "locked": {
        "lastModified": 1767750573,
        "narHash": "sha256-PjsokrfY9FSke+vwOBWh0wQ1GhIA4qKTcIjMc5PHZqY=",
        "owner": "frahz",
        "repo": "nvim",
        "rev": "b8e1289a26267763458a4f0d332720fad087b87a",
        "type": "github"
      },
      "original": {
        "owner": "frahz",
        "repo": "nvim",
        "type": "github"
      }
    },
    "paquetes": {
      "inputs": {
        "nixpkgs": [
          "nixpkgs"
        ]
      },
      "locked": {
        "lastModified": 1767492802,
        "narHash": "sha256-UAhJ2xcZ9q9XOZqWUoS+mhiXXYQfi28tXLYbsmrLFX8=",
        "owner": "frahz",
        "repo": "paquetes",
        "rev": "e0c6658066794ad2cd8213b9eaa6e02d3a3cd3e4",
        "type": "github"
      },
      "original": {
        "owner": "frahz",
        "repo": "paquetes",
        "type": "github"
      }
    },
    "pre-commit-hooks": {
      "inputs": {
        "flake-compat": "flake-compat",
        "gitignore": "gitignore",
        "nixpkgs": [
          "nixpkgs"
        ]
      },
      "locked": {
        "lastModified": 1767281941,
        "narHash": "sha256-6MkqajPICgugsuZ92OMoQcgSHnD6sJHwk8AxvMcIgTE=",
        "owner": "cachix",
        "repo": "pre-commit-hooks.nix",
        "rev": "f0927703b7b1c8d97511c4116eb9b4ec6645a0fa",
        "type": "github"
      },
      "original": {
        "owner": "cachix",
        "repo": "pre-commit-hooks.nix",
        "type": "github"
      }
    },
    "privado": {
      "inputs": {
        "nixpkgs": [
          "nixpkgs"
        ]
      },
      "locked": {
        "lastModified": 1764905364,
        "narHash": "sha256-PnFNvvlGdya8dJxWDtfjE3eNCDtEwy6keEWx6Emqv+M=",
        "ref": "refs/heads/main",
        "rev": "2b51d34a198f4fab991cf17433d316e1b706d528",
        "revCount": 6,
        "type": "git",
        "url": "ssh://git@github.com/frahz/privado.git"
      },
      "original": {
        "type": "git",
        "url": "ssh://git@github.com/frahz/privado.git"
      }
    },
    "root": {
      "inputs": {
        "catppuccin": "catppuccin",
        "darwin": "darwin",
        "flake-parts": "flake-parts",
        "home": "home",
        "nixpkgs": "nixpkgs_2",
        "nvim-flake": "nvim-flake",
        "paquetes": "paquetes",
        "pre-commit-hooks": "pre-commit-hooks",
        "privado": "privado",
        "sops-nix": "sops-nix",
        "spicetify-nix": "spicetify-nix"
      }
    },
    "sops-nix": {
      "inputs": {
        "nixpkgs": [
          "nixpkgs"
        ]
      },
      "locked": {
        "lastModified": 1767499857,
        "narHash": "sha256-0zUU/PW09d6oBaR8x8vMHcAhg1MOvo3CwoXgHijzzNE=",
        "owner": "Mic92",
        "repo": "sops-nix",
        "rev": "ecc41505948ec2ab0325f14c9862a4329c2b4190",
        "type": "github"
      },
      "original": {
        "owner": "Mic92",
        "repo": "sops-nix",
        "type": "github"
      }
    },
    "spicetify-nix": {
      "inputs": {
        "nixpkgs": [
          "nixpkgs"
        ],
        "systems": "systems"
      },
      "locked": {
        "lastModified": 1767502559,
        "narHash": "sha256-om0IPjW850vhhIrNZ5tiXjsYuqyoI44IdE+I9AwZ96I=",
        "owner": "Gerg-L",
        "repo": "spicetify-nix",
        "rev": "806c1fdeb7af3e013215d14f5d9f06685fa6650f",
        "type": "github"
      },
      "original": {
        "owner": "Gerg-L",
        "repo": "spicetify-nix",
        "type": "github"
      }
    },
    "systems": {
      "locked": {
        "lastModified": 1681028828,
        "narHash": "sha256-Vy1rq5AaRuLzOxct8nz4T6wlgyUR7zLU309k9mBC768=",
        "owner": "nix-systems",
        "repo": "default",
        "rev": "da67096a3b9bf56a91d16901293e51ba5b49a27e",
        "type": "github"
      },
      "original": {
        "owner": "nix-systems",
        "repo": "default",
        "type": "github"
      }
    }
  },
  "root": "root",
  "version": 7
}
